
Microsoft Visual Studio Solution File, Format Version 12.00
# Visual Studio Version 17
VisualStudioVersion = 17.13.35931.197
MinimumVisualStudioVersion = 10.0.40219.1
Project("{FAE04EC0-301F-11D3-BF4B-00C04F79EFBC}") = "RobotControlService", "RobotControlService.csproj", "{795BD089-541F-4656-95BB-C33E76865DB9}"
EndProject
Project("{FAE04EC0-301F-11D3-BF4B-00C04F79EFBC}") = "RobotControlService.Tests", "..\RobotControlService.Tests\RobotControlService.Tests.csproj", "{1B02A931-F7DD-4A4D-8988-F1E68B0F4237}"
EndProject
Global
	GlobalSection(SolutionConfigurationPlatforms) = preSolution
		Debug|Any CPU = Debug|Any CPU
		Release|Any CPU = Release|Any CPU
	EndGlobalSection
	GlobalSection(ProjectConfigurationPlatforms) = postSolution
		{795BD089-541F-4656-95BB-C33E76865DB9}.Debug|Any CPU.ActiveCfg = Debug|Any CPU
		{795BD089-541F-4656-95BB-C33E76865DB9}.Debug|Any CPU.Build.0 = Debug|Any CPU
		{795BD089-541F-4656-95BB-C33E76865DB9}.Release|Any CPU.ActiveCfg = Release|Any CPU
		{795BD089-541F-4656-95BB-C33E76865DB9}.Release|Any CPU.Build.0 = Release|Any CPU
		{1B02A931-F7DD-4A4D-8988-F1E68B0F4237}.Debug|Any CPU.ActiveCfg = Debug|Any CPU
		{1B02A931-F7DD-4A4D-8988-F1E68B0F4237}.Debug|Any CPU.Build.0 = Debug|Any CPU
		{1B02A931-F7DD-4A4D-8988-F1E68B0F4237}.Release|Any CPU.ActiveCfg = Release|Any CPU
		{1B02A931-F7DD-4A4D-8988-F1E68B0F4237}.Release|Any CPU.Build.0 = Release|Any CPU
	EndGlobalSection
	GlobalSection(SolutionProperties) = preSolution
		HideSolutionNode = FALSE
	EndGlobalSection
	GlobalSection(ExtensibilityGlobals) = postSolution
		SolutionGuid = {EF4865F9-C0A3-4011-8201-3C3A9D43D639}
	EndGlobalSection
EndGlobal
